{
  "nodes": {
    "nixpkgs": {
      "locked": {
        "lastModified": 1775064974,
        "narHash": "sha256-PqhsO5qloSyvATi9qAIrgUcEFK67xSoacjacPw+t4H0=",
        "rev": "6ebfbc38bdc6b22822a6f991f2d922306f33cfbc",
        "type": "tarball",
        "url": "https://releases.nixos.org/nixpkgs/nixpkgs-26.05pre973084.6ebfbc38bdc6/nixexprs.tar.xz"
      },
      "original": {
        "type": "tarball",
        "url": "https://nixos.org/channels/nixpkgs-unstable/nixexprs.tar.xz"
      }
    },
    "root": {
      "inputs": {
        "nixpkgs": "nixpkgs"
      }
    }
  },
  "root": "root",
  "version": 7
}
